
Microsoft Visual Studio Solution File, Format Version 12.00
# Visual Studio 15
VisualStudioVersion = 15.0.26124.0
MinimumVisualStudioVersion = 15.0.26124.0
Project("{FAE04EC0-301F-11D3-BF4B-00C04F79EFBC}") = "1_assignment_solution", "1_assignment_solution\1_assignment_solution.csproj", "{D7D57520-37BA-405F-95A8-E64DAFD9B606}"
EndProject
Project("{FAE04EC0-301F-11D3-BF4B-00C04F79EFBC}") = "2_generic_deque", "2_generic_deque\2_generic_deque.csproj", "{BE592C72-D500-4D9F-A38E-7B3A91BD450F}"
EndProject
Global
	GlobalSection(SolutionConfigurationPlatforms) = preSolution
		Debug|Any CPU = Debug|Any CPU
		Debug|x64 = Debug|x64
		Debug|x86 = Debug|x86
		Release|Any CPU = Release|Any CPU
		Release|x64 = Release|x64
		Release|x86 = Release|x86
	EndGlobalSection
	GlobalSection(SolutionProperties) = preSolution
		HideSolutionNode = FALSE
	EndGlobalSection
	GlobalSection(ProjectConfigurationPlatforms) = postSolution
		{D7D57520-37BA-405F-95A8-E64DAFD9B606}.Debug|Any CPU.ActiveCfg = Debug|Any CPU
		{D7D57520-37BA-405F-95A8-E64DAFD9B606}.Debug|Any CPU.Build.0 = Debug|Any CPU
		{D7D57520-37BA-405F-95A8-E64DAFD9B606}.Debug|x64.ActiveCfg = Debug|Any CPU
		{D7D57520-37BA-405F-95A8-E64DAFD9B606}.Debug|x64.Build.0 = Debug|Any CPU
		{D7D57520-37BA-405F-95A8-E64DAFD9B606}.Debug|x86.ActiveCfg = Debug|Any CPU
		{D7D57520-37BA-405F-95A8-E64DAFD9B606}.Debug|x86.Build.0 = Debug|Any CPU
		{D7D57520-37BA-405F-95A8-E64DAFD9B606}.Release|Any CPU.ActiveCfg = Release|Any CPU
		{D7D57520-37BA-405F-95A8-E64DAFD9B606}.Release|Any CPU.Build.0 = Release|Any CPU
		{D7D57520-37BA-405F-95A8-E64DAFD9B606}.Release|x64.ActiveCfg = Release|Any CPU
		{D7D57520-37BA-405F-95A8-E64DAFD9B606}.Release|x64.Build.0 = Release|Any CPU
		{D7D57520-37BA-405F-95A8-E64DAFD9B606}.Release|x86.ActiveCfg = Release|Any CPU
		{D7D57520-37BA-405F-95A8-E64DAFD9B606}.Release|x86.Build.0 = Release|Any CPU
		{BE592C72-D500-4D9F-A38E-7B3A91BD450F}.Debug|Any CPU.ActiveCfg = Debug|Any CPU
		{BE592C72-D500-4D9F-A38E-7B3A91BD450F}.Debug|Any CPU.Build.0 = Debug|Any CPU
		{BE592C72-D500-4D9F-A38E-7B3A91BD450F}.Debug|x64.ActiveCfg = Debug|Any CPU
		{BE592C72-D500-4D9F-A38E-7B3A91BD450F}.Debug|x64.Build.0 = Debug|Any CPU
		{BE592C72-D500-4D9F-A38E-7B3A91BD450F}.Debug|x86.ActiveCfg = Debug|Any CPU
		{BE592C72-D500-4D9F-A38E-7B3A91BD450F}.Debug|x86.Build.0 = Debug|Any CPU
		{BE592C72-D500-4D9F-A38E-7B3A91BD450F}.Release|Any CPU.ActiveCfg = Release|Any CPU
		{BE592C72-D500-4D9F-A38E-7B3A91BD450F}.Release|Any CPU.Build.0 = Release|Any CPU
		{BE592C72-D500-4D9F-A38E-7B3A91BD450F}.Release|x64.ActiveCfg = Release|Any CPU
		{BE592C72-D500-4D9F-A38E-7B3A91BD450F}.Release|x64.Build.0 = Release|Any CPU
		{BE592C72-D500-4D9F-A38E-7B3A91BD450F}.Release|x86.ActiveCfg = Release|Any CPU
		{BE592C72-D500-4D9F-A38E-7B3A91BD450F}.Release|x86.Build.0 = Release|Any CPU
	EndGlobalSection
EndGlobal
