
Microsoft Visual Studio Solution File, Format Version 12.00
# Visual Studio 15
VisualStudioVersion = 15.0.26124.0
MinimumVisualStudioVersion = 15.0.26124.0
Project("{FAE04EC0-301F-11D3-BF4B-00C04F79EFBC}") = "1_Polymorphism_Basics", "1_Polymorphism_Basics\1_Polymorphism_Basics.csproj", "{EDC3AEE8-0F07-4368-8E58-FC2AF3D8EBAA}"
EndProject
Project("{FAE04EC0-301F-11D3-BF4B-00C04F79EFBC}") = "2_Shapes", "2_Shapes\2_Shapes.csproj", "{CA0657BA-B276-4E9B-840B-0E8A97F34421}"
EndProject
Project("{FAE04EC0-301F-11D3-BF4B-00C04F79EFBC}") = "3_New", "3_New\3_New.csproj", "{C5345E8C-9E29-4D7E-9077-9908B2AF94F8}"
EndProject
Project("{FAE04EC0-301F-11D3-BF4B-00C04F79EFBC}") = "4_Employee", "4_Employee\4_Employee.csproj", "{86391D0C-2539-4E19-B767-A5264418B67F}"
EndProject
Global
	GlobalSection(SolutionConfigurationPlatforms) = preSolution
		Debug|Any CPU = Debug|Any CPU
		Debug|x64 = Debug|x64
		Debug|x86 = Debug|x86
		Release|Any CPU = Release|Any CPU
		Release|x64 = Release|x64
		Release|x86 = Release|x86
	EndGlobalSection
	GlobalSection(SolutionProperties) = preSolution
		HideSolutionNode = FALSE
	EndGlobalSection
	GlobalSection(ProjectConfigurationPlatforms) = postSolution
		{EDC3AEE8-0F07-4368-8E58-FC2AF3D8EBAA}.Debug|Any CPU.ActiveCfg = Debug|Any CPU
		{EDC3AEE8-0F07-4368-8E58-FC2AF3D8EBAA}.Debug|Any CPU.Build.0 = Debug|Any CPU
		{EDC3AEE8-0F07-4368-8E58-FC2AF3D8EBAA}.Debug|x64.ActiveCfg = Debug|Any CPU
		{EDC3AEE8-0F07-4368-8E58-FC2AF3D8EBAA}.Debug|x64.Build.0 = Debug|Any CPU
		{EDC3AEE8-0F07-4368-8E58-FC2AF3D8EBAA}.Debug|x86.ActiveCfg = Debug|Any CPU
		{EDC3AEE8-0F07-4368-8E58-FC2AF3D8EBAA}.Debug|x86.Build.0 = Debug|Any CPU
		{EDC3AEE8-0F07-4368-8E58-FC2AF3D8EBAA}.Release|Any CPU.ActiveCfg = Release|Any CPU
		{EDC3AEE8-0F07-4368-8E58-FC2AF3D8EBAA}.Release|Any CPU.Build.0 = Release|Any CPU
		{EDC3AEE8-0F07-4368-8E58-FC2AF3D8EBAA}.Release|x64.ActiveCfg = Release|Any CPU
		{EDC3AEE8-0F07-4368-8E58-FC2AF3D8EBAA}.Release|x64.Build.0 = Release|Any CPU
		{EDC3AEE8-0F07-4368-8E58-FC2AF3D8EBAA}.Release|x86.ActiveCfg = Release|Any CPU
		{EDC3AEE8-0F07-4368-8E58-FC2AF3D8EBAA}.Release|x86.Build.0 = Release|Any CPU
		{CA0657BA-B276-4E9B-840B-0E8A97F34421}.Debug|Any CPU.ActiveCfg = Debug|Any CPU
		{CA0657BA-B276-4E9B-840B-0E8A97F34421}.Debug|Any CPU.Build.0 = Debug|Any CPU
		{CA0657BA-B276-4E9B-840B-0E8A97F34421}.Debug|x64.ActiveCfg = Debug|Any CPU
		{CA0657BA-B276-4E9B-840B-0E8A97F34421}.Debug|x64.Build.0 = Debug|Any CPU
		{CA0657BA-B276-4E9B-840B-0E8A97F34421}.Debug|x86.ActiveCfg = Debug|Any CPU
		{CA0657BA-B276-4E9B-840B-0E8A97F34421}.Debug|x86.Build.0 = Debug|Any CPU
		{CA0657BA-B276-4E9B-840B-0E8A97F34421}.Release|Any CPU.ActiveCfg = Release|Any CPU
		{CA0657BA-B276-4E9B-840B-0E8A97F34421}.Release|Any CPU.Build.0 = Release|Any CPU
		{CA0657BA-B276-4E9B-840B-0E8A97F34421}.Release|x64.ActiveCfg = Release|Any CPU
		{CA0657BA-B276-4E9B-840B-0E8A97F34421}.Release|x64.Build.0 = Release|Any CPU
		{CA0657BA-B276-4E9B-840B-0E8A97F34421}.Release|x86.ActiveCfg = Release|Any CPU
		{CA0657BA-B276-4E9B-840B-0E8A97F34421}.Release|x86.Build.0 = Release|Any CPU
		{C5345E8C-9E29-4D7E-9077-9908B2AF94F8}.Debug|Any CPU.ActiveCfg = Debug|Any CPU
		{C5345E8C-9E29-4D7E-9077-9908B2AF94F8}.Debug|Any CPU.Build.0 = Debug|Any CPU
		{C5345E8C-9E29-4D7E-9077-9908B2AF94F8}.Debug|x64.ActiveCfg = Debug|Any CPU
		{C5345E8C-9E29-4D7E-9077-9908B2AF94F8}.Debug|x64.Build.0 = Debug|Any CPU
		{C5345E8C-9E29-4D7E-9077-9908B2AF94F8}.Debug|x86.ActiveCfg = Debug|Any CPU
		{C5345E8C-9E29-4D7E-9077-9908B2AF94F8}.Debug|x86.Build.0 = Debug|Any CPU
		{C5345E8C-9E29-4D7E-9077-9908B2AF94F8}.Release|Any CPU.ActiveCfg = Release|Any CPU
		{C5345E8C-9E29-4D7E-9077-9908B2AF94F8}.Release|Any CPU.Build.0 = Release|Any CPU
		{C5345E8C-9E29-4D7E-9077-9908B2AF94F8}.Release|x64.ActiveCfg = Release|Any CPU
		{C5345E8C-9E29-4D7E-9077-9908B2AF94F8}.Release|x64.Build.0 = Release|Any CPU
		{C5345E8C-9E29-4D7E-9077-9908B2AF94F8}.Release|x86.ActiveCfg = Release|Any CPU
		{C5345E8C-9E29-4D7E-9077-9908B2AF94F8}.Release|x86.Build.0 = Release|Any CPU
		{86391D0C-2539-4E19-B767-A5264418B67F}.Debug|Any CPU.ActiveCfg = Debug|Any CPU
		{86391D0C-2539-4E19-B767-A5264418B67F}.Debug|Any CPU.Build.0 = Debug|Any CPU
		{86391D0C-2539-4E19-B767-A5264418B67F}.Debug|x64.ActiveCfg = Debug|Any CPU
		{86391D0C-2539-4E19-B767-A5264418B67F}.Debug|x64.Build.0 = Debug|Any CPU
		{86391D0C-2539-4E19-B767-A5264418B67F}.Debug|x86.ActiveCfg = Debug|Any CPU
		{86391D0C-2539-4E19-B767-A5264418B67F}.Debug|x86.Build.0 = Debug|Any CPU
		{86391D0C-2539-4E19-B767-A5264418B67F}.Release|Any CPU.ActiveCfg = Release|Any CPU
		{86391D0C-2539-4E19-B767-A5264418B67F}.Release|Any CPU.Build.0 = Release|Any CPU
		{86391D0C-2539-4E19-B767-A5264418B67F}.Release|x64.ActiveCfg = Release|Any CPU
		{86391D0C-2539-4E19-B767-A5264418B67F}.Release|x64.Build.0 = Release|Any CPU
		{86391D0C-2539-4E19-B767-A5264418B67F}.Release|x86.ActiveCfg = Release|Any CPU
		{86391D0C-2539-4E19-B767-A5264418B67F}.Release|x86.Build.0 = Release|Any CPU
	EndGlobalSection
EndGlobal
