
Microsoft Visual Studio Solution File, Format Version 12.00
# Visual Studio 15
VisualStudioVersion = 15.0.26124.0
MinimumVisualStudioVersion = 15.0.26124.0
Project("{FAE04EC0-301F-11D3-BF4B-00C04F79EFBC}") = "1_event", "1_event\1_event.csproj", "{133084F1-028C-4EF1-BF75-F902D3B9E7E6}"
EndProject
Project("{FAE04EC0-301F-11D3-BF4B-00C04F79EFBC}") = "2_eventhandler", "2_eventhandler\2_eventhandler.csproj", "{8A38671B-9C5F-4479-B9A4-4210398FB62F}"
EndProject
Project("{FAE04EC0-301F-11D3-BF4B-00C04F79EFBC}") = "3_eventargs", "3_eventargs\3_eventargs.csproj", "{EC9C9490-7049-43D4-8C0D-9578CF5A5046}"
EndProject
Project("{FAE04EC0-301F-11D3-BF4B-00C04F79EFBC}") = "4_extension", "4_extension\4_extension.csproj", "{E8705332-3FBF-40CD-A3CB-2AFEB5C11CA6}"
EndProject
Project("{FAE04EC0-301F-11D3-BF4B-00C04F79EFBC}") = "5_linq", "5_linq\5_linq.csproj", "{3ECAEFA5-F53C-4C4C-96D9-ADA7196808A4}"
EndProject
Project("{FAE04EC0-301F-11D3-BF4B-00C04F79EFBC}") = "6_linq_method", "6_linq_method\6_linq_method.csproj", "{B71D98A8-62FC-4567-BE1D-1748F9FF8BA4}"
EndProject
Global
	GlobalSection(SolutionConfigurationPlatforms) = preSolution
		Debug|Any CPU = Debug|Any CPU
		Debug|x64 = Debug|x64
		Debug|x86 = Debug|x86
		Release|Any CPU = Release|Any CPU
		Release|x64 = Release|x64
		Release|x86 = Release|x86
	EndGlobalSection
	GlobalSection(SolutionProperties) = preSolution
		HideSolutionNode = FALSE
	EndGlobalSection
	GlobalSection(ProjectConfigurationPlatforms) = postSolution
		{133084F1-028C-4EF1-BF75-F902D3B9E7E6}.Debug|Any CPU.ActiveCfg = Debug|Any CPU
		{133084F1-028C-4EF1-BF75-F902D3B9E7E6}.Debug|Any CPU.Build.0 = Debug|Any CPU
		{133084F1-028C-4EF1-BF75-F902D3B9E7E6}.Debug|x64.ActiveCfg = Debug|Any CPU
		{133084F1-028C-4EF1-BF75-F902D3B9E7E6}.Debug|x64.Build.0 = Debug|Any CPU
		{133084F1-028C-4EF1-BF75-F902D3B9E7E6}.Debug|x86.ActiveCfg = Debug|Any CPU
		{133084F1-028C-4EF1-BF75-F902D3B9E7E6}.Debug|x86.Build.0 = Debug|Any CPU
		{133084F1-028C-4EF1-BF75-F902D3B9E7E6}.Release|Any CPU.ActiveCfg = Release|Any CPU
		{133084F1-028C-4EF1-BF75-F902D3B9E7E6}.Release|Any CPU.Build.0 = Release|Any CPU
		{133084F1-028C-4EF1-BF75-F902D3B9E7E6}.Release|x64.ActiveCfg = Release|Any CPU
		{133084F1-028C-4EF1-BF75-F902D3B9E7E6}.Release|x64.Build.0 = Release|Any CPU
		{133084F1-028C-4EF1-BF75-F902D3B9E7E6}.Release|x86.ActiveCfg = Release|Any CPU
		{133084F1-028C-4EF1-BF75-F902D3B9E7E6}.Release|x86.Build.0 = Release|Any CPU
		{8A38671B-9C5F-4479-B9A4-4210398FB62F}.Debug|Any CPU.ActiveCfg = Debug|Any CPU
		{8A38671B-9C5F-4479-B9A4-4210398FB62F}.Debug|Any CPU.Build.0 = Debug|Any CPU
		{8A38671B-9C5F-4479-B9A4-4210398FB62F}.Debug|x64.ActiveCfg = Debug|Any CPU
		{8A38671B-9C5F-4479-B9A4-4210398FB62F}.Debug|x64.Build.0 = Debug|Any CPU
		{8A38671B-9C5F-4479-B9A4-4210398FB62F}.Debug|x86.ActiveCfg = Debug|Any CPU
		{8A38671B-9C5F-4479-B9A4-4210398FB62F}.Debug|x86.Build.0 = Debug|Any CPU
		{8A38671B-9C5F-4479-B9A4-4210398FB62F}.Release|Any CPU.ActiveCfg = Release|Any CPU
		{8A38671B-9C5F-4479-B9A4-4210398FB62F}.Release|Any CPU.Build.0 = Release|Any CPU
		{8A38671B-9C5F-4479-B9A4-4210398FB62F}.Release|x64.ActiveCfg = Release|Any CPU
		{8A38671B-9C5F-4479-B9A4-4210398FB62F}.Release|x64.Build.0 = Release|Any CPU
		{8A38671B-9C5F-4479-B9A4-4210398FB62F}.Release|x86.ActiveCfg = Release|Any CPU
		{8A38671B-9C5F-4479-B9A4-4210398FB62F}.Release|x86.Build.0 = Release|Any CPU
		{EC9C9490-7049-43D4-8C0D-9578CF5A5046}.Debug|Any CPU.ActiveCfg = Debug|Any CPU
		{EC9C9490-7049-43D4-8C0D-9578CF5A5046}.Debug|Any CPU.Build.0 = Debug|Any CPU
		{EC9C9490-7049-43D4-8C0D-9578CF5A5046}.Debug|x64.ActiveCfg = Debug|Any CPU
		{EC9C9490-7049-43D4-8C0D-9578CF5A5046}.Debug|x64.Build.0 = Debug|Any CPU
		{EC9C9490-7049-43D4-8C0D-9578CF5A5046}.Debug|x86.ActiveCfg = Debug|Any CPU
		{EC9C9490-7049-43D4-8C0D-9578CF5A5046}.Debug|x86.Build.0 = Debug|Any CPU
		{EC9C9490-7049-43D4-8C0D-9578CF5A5046}.Release|Any CPU.ActiveCfg = Release|Any CPU
		{EC9C9490-7049-43D4-8C0D-9578CF5A5046}.Release|Any CPU.Build.0 = Release|Any CPU
		{EC9C9490-7049-43D4-8C0D-9578CF5A5046}.Release|x64.ActiveCfg = Release|Any CPU
		{EC9C9490-7049-43D4-8C0D-9578CF5A5046}.Release|x64.Build.0 = Release|Any CPU
		{EC9C9490-7049-43D4-8C0D-9578CF5A5046}.Release|x86.ActiveCfg = Release|Any CPU
		{EC9C9490-7049-43D4-8C0D-9578CF5A5046}.Release|x86.Build.0 = Release|Any CPU
		{E8705332-3FBF-40CD-A3CB-2AFEB5C11CA6}.Debug|Any CPU.ActiveCfg = Debug|Any CPU
		{E8705332-3FBF-40CD-A3CB-2AFEB5C11CA6}.Debug|Any CPU.Build.0 = Debug|Any CPU
		{E8705332-3FBF-40CD-A3CB-2AFEB5C11CA6}.Debug|x64.ActiveCfg = Debug|Any CPU
		{E8705332-3FBF-40CD-A3CB-2AFEB5C11CA6}.Debug|x64.Build.0 = Debug|Any CPU
		{E8705332-3FBF-40CD-A3CB-2AFEB5C11CA6}.Debug|x86.ActiveCfg = Debug|Any CPU
		{E8705332-3FBF-40CD-A3CB-2AFEB5C11CA6}.Debug|x86.Build.0 = Debug|Any CPU
		{E8705332-3FBF-40CD-A3CB-2AFEB5C11CA6}.Release|Any CPU.ActiveCfg = Release|Any CPU
		{E8705332-3FBF-40CD-A3CB-2AFEB5C11CA6}.Release|Any CPU.Build.0 = Release|Any CPU
		{E8705332-3FBF-40CD-A3CB-2AFEB5C11CA6}.Release|x64.ActiveCfg = Release|Any CPU
		{E8705332-3FBF-40CD-A3CB-2AFEB5C11CA6}.Release|x64.Build.0 = Release|Any CPU
		{E8705332-3FBF-40CD-A3CB-2AFEB5C11CA6}.Release|x86.ActiveCfg = Release|Any CPU
		{E8705332-3FBF-40CD-A3CB-2AFEB5C11CA6}.Release|x86.Build.0 = Release|Any CPU
		{3ECAEFA5-F53C-4C4C-96D9-ADA7196808A4}.Debug|Any CPU.ActiveCfg = Debug|Any CPU
		{3ECAEFA5-F53C-4C4C-96D9-ADA7196808A4}.Debug|Any CPU.Build.0 = Debug|Any CPU
		{3ECAEFA5-F53C-4C4C-96D9-ADA7196808A4}.Debug|x64.ActiveCfg = Debug|Any CPU
		{3ECAEFA5-F53C-4C4C-96D9-ADA7196808A4}.Debug|x64.Build.0 = Debug|Any CPU
		{3ECAEFA5-F53C-4C4C-96D9-ADA7196808A4}.Debug|x86.ActiveCfg = Debug|Any CPU
		{3ECAEFA5-F53C-4C4C-96D9-ADA7196808A4}.Debug|x86.Build.0 = Debug|Any CPU
		{3ECAEFA5-F53C-4C4C-96D9-ADA7196808A4}.Release|Any CPU.ActiveCfg = Release|Any CPU
		{3ECAEFA5-F53C-4C4C-96D9-ADA7196808A4}.Release|Any CPU.Build.0 = Release|Any CPU
		{3ECAEFA5-F53C-4C4C-96D9-ADA7196808A4}.Release|x64.ActiveCfg = Release|Any CPU
		{3ECAEFA5-F53C-4C4C-96D9-ADA7196808A4}.Release|x64.Build.0 = Release|Any CPU
		{3ECAEFA5-F53C-4C4C-96D9-ADA7196808A4}.Release|x86.ActiveCfg = Release|Any CPU
		{3ECAEFA5-F53C-4C4C-96D9-ADA7196808A4}.Release|x86.Build.0 = Release|Any CPU
		{B71D98A8-62FC-4567-BE1D-1748F9FF8BA4}.Debug|Any CPU.ActiveCfg = Debug|Any CPU
		{B71D98A8-62FC-4567-BE1D-1748F9FF8BA4}.Debug|Any CPU.Build.0 = Debug|Any CPU
		{B71D98A8-62FC-4567-BE1D-1748F9FF8BA4}.Debug|x64.ActiveCfg = Debug|Any CPU
		{B71D98A8-62FC-4567-BE1D-1748F9FF8BA4}.Debug|x64.Build.0 = Debug|Any CPU
		{B71D98A8-62FC-4567-BE1D-1748F9FF8BA4}.Debug|x86.ActiveCfg = Debug|Any CPU
		{B71D98A8-62FC-4567-BE1D-1748F9FF8BA4}.Debug|x86.Build.0 = Debug|Any CPU
		{B71D98A8-62FC-4567-BE1D-1748F9FF8BA4}.Release|Any CPU.ActiveCfg = Release|Any CPU
		{B71D98A8-62FC-4567-BE1D-1748F9FF8BA4}.Release|Any CPU.Build.0 = Release|Any CPU
		{B71D98A8-62FC-4567-BE1D-1748F9FF8BA4}.Release|x64.ActiveCfg = Release|Any CPU
		{B71D98A8-62FC-4567-BE1D-1748F9FF8BA4}.Release|x64.Build.0 = Release|Any CPU
		{B71D98A8-62FC-4567-BE1D-1748F9FF8BA4}.Release|x86.ActiveCfg = Release|Any CPU
		{B71D98A8-62FC-4567-BE1D-1748F9FF8BA4}.Release|x86.Build.0 = Release|Any CPU
	EndGlobalSection
EndGlobal
