
Microsoft Visual Studio Solution File, Format Version 12.00
# Visual Studio 15
VisualStudioVersion = 15.0.28307.489
MinimumVisualStudioVersion = 10.0.40219.1
Project("{FAE04EC0-301F-11D3-BF4B-00C04F79EFBC}") = "Quiz3", "Quiz3\Quiz3.csproj", "{32ED6852-0A94-48D1-A7C5-B98C1D4FD026}"
EndProject
Global
	GlobalSection(SolutionConfigurationPlatforms) = preSolution
		Debug|Any CPU = Debug|Any CPU
		Release|Any CPU = Release|Any CPU
	EndGlobalSection
	GlobalSection(ProjectConfigurationPlatforms) = postSolution
		{32ED6852-0A94-48D1-A7C5-B98C1D4FD026}.Debug|Any CPU.ActiveCfg = Debug|Any CPU
		{32ED6852-0A94-48D1-A7C5-B98C1D4FD026}.Debug|Any CPU.Build.0 = Debug|Any CPU
		{32ED6852-0A94-48D1-A7C5-B98C1D4FD026}.Release|Any CPU.ActiveCfg = Release|Any CPU
		{32ED6852-0A94-48D1-A7C5-B98C1D4FD026}.Release|Any CPU.Build.0 = Release|Any CPU
	EndGlobalSection
	GlobalSection(SolutionProperties) = preSolution
		HideSolutionNode = FALSE
	EndGlobalSection
	GlobalSection(ExtensibilityGlobals) = postSolution
		SolutionGuid = {8930A666-175C-4A67-9D42-53D3710D9E1A}
	EndGlobalSection
EndGlobal
